# THIS IS AN AUTOGENERATED FILE. DO NOT EDIT THIS FILE DIRECTLY.
# yarn lockfile v1


babel-plugin-prismjs@^2.0.1:
  version "2.0.1"
  resolved "https://registry.npm.taobao.org/babel-plugin-prismjs/download/babel-plugin-prismjs-2.0.1.tgz#b56095f423926662259de8f5ee50a7afbcf0fd92"
  integrity sha1-tWCV9COSZmIlnej17lCnr7zw/ZI=

clipboard@^2.0.0:
  version "2.0.6"
  resolved "https://registry.npm.taobao.org/clipboard/download/clipboard-2.0.6.tgz#52921296eec0fdf77ead1749421b21c968647376"
  integrity sha1-UpISlu7A/fd+rRdJQhshyWhkc3Y=
  dependencies:
    good-listener "^1.2.2"
    select "^1.1.2"
    tiny-emitter "^2.0.0"

delegate@^3.1.2:
  version "3.2.0"
  resolved "https://registry.npm.taobao.org/delegate/download/delegate-3.2.0.tgz#b66b71c3158522e8ab5744f720d8ca0c2af59166"
  integrity sha1-tmtxwxWFIuirV0T3INjKDCr1kWY=

good-listener@^1.2.2:
  version "1.2.2"
  resolved "https://registry.npm.taobao.org/good-listener/download/good-listener-1.2.2.tgz#d53b30cdf9313dffb7dc9a0d477096aa6d145c50"
  integrity sha1-1TswzfkxPf+33JoNR3CWqm0UXFA=
  dependencies:
    delegate "^3.1.2"

highlight.js@^10.1.2:
  version "10.6.0"
  resolved "https://registry.npm.taobao.org/highlight.js/download/highlight.js-10.6.0.tgz#0073aa71d566906965ba6e1b7be7b2682f5e18b6"
  integrity sha1-AHOqcdVmkGllum4be+eyaC9eGLY=

markdown-it-attrs@^4.0.0:
  version "4.0.0"
  resolved "https://registry.npm.taobao.org/markdown-it-attrs/download/markdown-it-attrs-4.0.0.tgz#eadae3ea0c7d17c5e83b98a4ec95a47f4e4960f5"
  integrity sha1-6trj6gx9F8XoO5ik7JWkf05JYPU=

markdown-it-div@^1.1.0:
  version "1.1.0"
  resolved "https://registry.npm.taobao.org/markdown-it-div/download/markdown-it-div-1.1.0.tgz#779c07a2313a36e59afd54c39907f9bc87c1ab20"
  integrity sha1-d5wHojE6NuWa/VTDmQf5vIfBqyA=

nuxt-highlightjs@^1.0.1:
  version "1.0.1"
  resolved "https://registry.npm.taobao.org/nuxt-highlightjs/download/nuxt-highlightjs-1.0.1.tgz#6809a9ccebfff8993d69a85a9095650069268d66"
  integrity sha1-aAmpzOv/+Jk9aahakJVlAGkmjWY=
  dependencies:
    highlight.js "^10.1.2"

prismjs@^1.23.0:
  version "1.23.0"
  resolved "https://registry.npm.taobao.org/prismjs/download/prismjs-1.23.0.tgz#d3b3967f7d72440690497652a9d40ff046067f33"
  integrity sha1-07OWf31yRAaQSXZSqdQP8EYGfzM=
  optionalDependencies:
    clipboard "^2.0.0"

select@^1.1.2:
  version "1.1.2"
  resolved "https://registry.npm.taobao.org/select/download/select-1.1.2.tgz#0e7350acdec80b1108528786ec1d4418d11b396d"
  integrity sha1-DnNQrN7ICxEIUoeG7B1EGNEbOW0=

tiny-emitter@^2.0.0:
  version "2.1.0"
  resolved "https://registry.npm.taobao.org/tiny-emitter/download/tiny-emitter-2.1.0.tgz#1d1a56edfc51c43e863cbb5382a72330e3555423"
  integrity sha1-HRpW7fxRxD6GPLtTgqcjMONVVCM=
