# THIS IS AN AUTOGENERATED FILE. DO NOT EDIT THIS FILE DIRECTLY.
# yarn lockfile v1


nestjs-mongoose-crud@^2.1.2:
  version "2.1.2"
  resolved "https://registry.npm.taobao.org/nestjs-mongoose-crud/download/nestjs-mongoose-crud-2.1.2.tgz#d6d084cfcbdc555a7cf424ba253e9c481be76335"
  integrity sha1-1tCEz8vcVVp89CS6JT6cSBvnYzU=
